
Microsoft Visual Studio Solution File, Format Version 12.00
# Visual Studio Version 17
VisualStudioVersion = 17.8.34309.116
MinimumVisualStudioVersion = 10.0.40219.1
Project("{9A19103F-16F7-4668-BE54-9A1E7A4F7556}") = "Task", "ConsoleApp1\Task.csproj", "{4E460E6B-E20A-4AD3-BD00-E367295EB37D}"
EndProject
Project("{FAE04EC0-301F-11D3-BF4B-00C04F79EFBC}") = "TaskTests", "TestProject1\TaskTests.csproj", "{98391275-8D35-4C51-8D9C-90DE8D84DB62}"
EndProject
Global
	GlobalSection(SolutionConfigurationPlatforms) = preSolution
		Debug|Any CPU = Debug|Any CPU
		Release|Any CPU = Release|Any CPU
	EndGlobalSection
	GlobalSection(ProjectConfigurationPlatforms) = postSolution
		{4E460E6B-E20A-4AD3-BD00-E367295EB37D}.Debug|Any CPU.ActiveCfg = Debug|Any CPU
		{4E460E6B-E20A-4AD3-BD00-E367295EB37D}.Debug|Any CPU.Build.0 = Debug|Any CPU
		{4E460E6B-E20A-4AD3-BD00-E367295EB37D}.Release|Any CPU.ActiveCfg = Release|Any CPU
		{4E460E6B-E20A-4AD3-BD00-E367295EB37D}.Release|Any CPU.Build.0 = Release|Any CPU
		{98391275-8D35-4C51-8D9C-90DE8D84DB62}.Debug|Any CPU.ActiveCfg = Debug|Any CPU
		{98391275-8D35-4C51-8D9C-90DE8D84DB62}.Debug|Any CPU.Build.0 = Debug|Any CPU
		{98391275-8D35-4C51-8D9C-90DE8D84DB62}.Release|Any CPU.ActiveCfg = Release|Any CPU
		{98391275-8D35-4C51-8D9C-90DE8D84DB62}.Release|Any CPU.Build.0 = Release|Any CPU
	EndGlobalSection
	GlobalSection(SolutionProperties) = preSolution
		HideSolutionNode = FALSE
	EndGlobalSection
	GlobalSection(ExtensibilityGlobals) = postSolution
		SolutionGuid = {04F7E6A9-2C90-4B0C-B4CC-80604C7B030A}
	EndGlobalSection
EndGlobal
